{
  "originHash" : "f9c0be78514a9ed39931fa7ee53a788706262a0803f43dfb8d96915b642f3700",
  "pins" : [
    {
      "identity" : "fluidaudio",
      "kind" : "remoteSourceControl",
      "location" : "https://github.com/FluidInference/FluidAudio.git",
      "state" : {
        "revision" : "ed66535b696c5c6d69a71f508e87bf3491e1b1fd",
        "version" : "0.15.1"
      }
    }
  ],
  "version" : 3
}
